
Microsoft Visual Studio Solution File, Format Version 12.00
# Visual Studio 14
VisualStudioVersion = 14.0.25420.1
MinimumVisualStudioVersion = 10.0.40219.1
Project("{FAE04EC0-301F-11D3-BF4B-00C04F79EFBC}") = "Tanks", "Tanks\Tanks\Tanks.csproj", "{5F2F4758-7D23-44EB-B656-49E0CD5CB703}"
EndProject
Project("{FAE04EC0-301F-11D3-BF4B-00C04F79EFBC}") = "TanksXnaContent", "Tanks\TanksContent\TanksXnaContent.contentproj", "{28C9C4BB-DADE-4789-830D-A401BCF2B6A8}"
EndProject
Global
	GlobalSection(SolutionConfigurationPlatforms) = preSolution
		Debug|Any CPU = Debug|Any CPU
		Debug|x64 = Debug|x64
		Debug|x86 = Debug|x86
		Release|Any CPU = Release|Any CPU
		Release|x64 = Release|x64
		Release|x86 = Release|x86
	EndGlobalSection
	GlobalSection(ProjectConfigurationPlatforms) = postSolution
		{5F2F4758-7D23-44EB-B656-49E0CD5CB703}.Debug|Any CPU.ActiveCfg = Debug|x86
		{5F2F4758-7D23-44EB-B656-49E0CD5CB703}.Debug|x64.ActiveCfg = Debug|x86
		{5F2F4758-7D23-44EB-B656-49E0CD5CB703}.Debug|x86.ActiveCfg = Debug|x86
		{5F2F4758-7D23-44EB-B656-49E0CD5CB703}.Debug|x86.Build.0 = Debug|x86
		{5F2F4758-7D23-44EB-B656-49E0CD5CB703}.Release|Any CPU.ActiveCfg = Release|x86
		{5F2F4758-7D23-44EB-B656-49E0CD5CB703}.Release|x64.ActiveCfg = Release|x86
		{5F2F4758-7D23-44EB-B656-49E0CD5CB703}.Release|x86.ActiveCfg = Release|x86
		{5F2F4758-7D23-44EB-B656-49E0CD5CB703}.Release|x86.Build.0 = Release|x86
		{28C9C4BB-DADE-4789-830D-A401BCF2B6A8}.Debug|Any CPU.ActiveCfg = Debug|x86
		{28C9C4BB-DADE-4789-830D-A401BCF2B6A8}.Debug|x64.ActiveCfg = Debug|x86
		{28C9C4BB-DADE-4789-830D-A401BCF2B6A8}.Debug|x86.ActiveCfg = Debug|x86
		{28C9C4BB-DADE-4789-830D-A401BCF2B6A8}.Release|Any CPU.ActiveCfg = Release|x86
		{28C9C4BB-DADE-4789-830D-A401BCF2B6A8}.Release|x64.ActiveCfg = Release|x86
		{28C9C4BB-DADE-4789-830D-A401BCF2B6A8}.Release|x86.ActiveCfg = Release|x86
	EndGlobalSection
	GlobalSection(SolutionProperties) = preSolution
		HideSolutionNode = FALSE
	EndGlobalSection
EndGlobal
